{
  "R": {
    "Version": "4.5.2",
    "Repositories": [
      {
        "Name": "CRAN",
        "URL": "https://cloud.r-project.org"
      }
    ]
  },
  "Packages": {
    "R6": {
      "Package": "R6",
      "Version": "2.6.1",
      "Source": "Repository",
      "Title": "Encapsulated Classes with Reference Semantics",
      "Authors@R": "c( person(\"Winston\", \"Chang\", , \"winston@posit.co\", role = c(\"aut\", \"cre\")), person(\"Posit Software, PBC\", role = c(\"cph\", \"fnd\")) )",
      "Description": "Creates classes with reference semantics, similar to R's built-in reference classes. Compared to reference classes, R6 classes are simpler and lighter-weight, and they are not built on S4 classes so they do not require the methods package. These classes allow public and private members, and they support inheritance, even when the classes are defined in different packages.",
      "License": "MIT + file LICENSE",
      "URL": "https://r6.r-lib.org, https://github.com/r-lib/R6",
      "BugReports": "https://github.com/r-lib/R6/issues",
      "Depends": [
        "R (>= 3.6)"
      ],
      "Suggests": [
        "lobstr",
        "testthat (>= 3.0.0)"
      ],
      "Config/Needs/website": "tidyverse/tidytemplate, ggplot2, microbenchmark, scales",
      "Config/testthat/edition": "3",
      "Encoding": "UTF-8",
      "RoxygenNote": "7.3.2",
      "NeedsCompilation": "no",
      "Author": "Winston Chang [aut, cre], Posit Software, PBC [cph, fnd]",
      "Maintainer": "Winston Chang <winston@posit.co>",
      "Repository": "CRAN"
    },
    "config": {
      "Package": "config",
      "Version": "0.3.2",
      "Source": "Repository",
      "Type": "Package",
      "Title": "Manage Environment Specific Configuration Values",
      "Authors@R": "c( person(\"JJ\", \"Allaire\", role = c(\"aut\"), email = \"jj@rstudio.com\"), person(\"Andrie\", \"de Vries\", role = \"cre\", email = \"apdevries@gmail.com\"), person(\"Posit Software, PBC\", role = c(\"cph\", \"fnd\")) )",
      "Imports": [
        "yaml (>= 2.1.19)"
      ],
      "Suggests": [
        "testthat",
        "knitr",
        "rmarkdown",
        "covr",
        "spelling",
        "withr"
      ],
      "Description": "Manage configuration values across multiple environments (e.g. development, test, production). Read values using a function that determines the current environment and returns the appropriate value.",
      "License": "GPL-3",
      "URL": "https://rstudio.github.io/config/, https://github.com/rstudio/config",
      "BugReports": "https://github.com/rstudio/config/issues",
      "RoxygenNote": "7.2.3",
      "VignetteBuilder": "knitr",
      "Encoding": "UTF-8",
      "Language": "en-US",
      "Config/testthat/edition": "3",
      "NeedsCompilation": "no",
      "Author": "JJ Allaire [aut], Andrie de Vries [cre], Posit Software, PBC [cph, fnd]",
      "Maintainer": "Andrie de Vries <apdevries@gmail.com>",
      "Repository": "RSPM"
    },
    "renv": {
      "Package": "renv",
      "Version": "1.1.5",
      "Source": "Repository",
      "Type": "Package",
      "Title": "Project Environments",
      "Authors@R": "c( person(\"Kevin\", \"Ushey\", role = c(\"aut\", \"cre\"), email = \"kevin@rstudio.com\", comment = c(ORCID = \"0000-0003-2880-7407\")), person(\"Hadley\", \"Wickham\", role = c(\"aut\"), email = \"hadley@rstudio.com\", comment = c(ORCID = \"0000-0003-4757-117X\")), person(\"Posit Software, PBC\", role = c(\"cph\", \"fnd\")) )",
      "Description": "A dependency management toolkit for R. Using 'renv', you can create and manage project-local R libraries, save the state of these libraries to a 'lockfile', and later restore your library as required. Together, these tools can help make your projects more isolated, portable, and reproducible.",
      "License": "MIT + file LICENSE",
      "URL": "https://rstudio.github.io/renv/, https://github.com/rstudio/renv",
      "BugReports": "https://github.com/rstudio/renv/issues",
      "Imports": [
        "utils"
      ],
      "Suggests": [
        "BiocManager",
        "cli",
        "compiler",
        "covr",
        "cpp11",
        "devtools",
        "generics",
        "gitcreds",
        "jsonlite",
        "jsonvalidate",
        "knitr",
        "miniUI",
        "modules",
        "packrat",
        "pak",
        "R6",
        "remotes",
        "reticulate",
        "rmarkdown",
        "rstudioapi",
        "shiny",
        "testthat",
        "uuid",
        "waldo",
        "yaml",
        "webfakes"
      ],
      "Encoding": "UTF-8",
      "RoxygenNote": "7.3.2",
      "VignetteBuilder": "knitr",
      "Config/Needs/website": "tidyverse/tidytemplate",
      "Config/testthat/edition": "3",
      "Config/testthat/parallel": "true",
      "Config/testthat/start-first": "bioconductor,python,install,restore,snapshot,retrieve,remotes",
      "NeedsCompilation": "no",
      "Author": "Kevin Ushey [aut, cre] (ORCID: <https://orcid.org/0000-0003-2880-7407>), Hadley Wickham [aut] (ORCID: <https://orcid.org/0000-0003-4757-117X>), Posit Software, PBC [cph, fnd]",
      "Maintainer": "Kevin Ushey <kevin@rstudio.com>",
      "Repository": "CRAN"
    },
    "yaml": {
      "Package": "yaml",
      "Version": "2.3.12",
      "Source": "Repository",
      "Type": "Package",
      "Title": "Methods to Convert R Data to YAML and Back",
      "Authors@R": "c( person(\"Hadley\", \"Wickham\", , \"hadley@posit.co\", role = \"cre\", comment = c(ORCID = \"0000-0003-4757-117X\")), person(\"Shawn\", \"Garbett\", , \"shawn.garbett@vumc.org\", role = \"ctb\", comment = c(ORCID = \"0000-0003-4079-5621\")), person(\"Jeremy\", \"Stephens\", role = c(\"aut\", \"ctb\")), person(\"Kirill\", \"Simonov\", role = \"aut\"), person(\"Yihui\", \"Xie\", role = \"ctb\", comment = c(ORCID = \"0000-0003-0645-5666\")), person(\"Zhuoer\", \"Dong\", role = \"ctb\"), person(\"Jeffrey\", \"Horner\", role = \"ctb\"), person(\"reikoch\", role = \"ctb\"), person(\"Will\", \"Beasley\", role = \"ctb\", comment = c(ORCID = \"0000-0002-5613-5006\")), person(\"Brendan\", \"O'Connor\", role = \"ctb\"), person(\"Michael\", \"Quinn\", role = \"ctb\"), person(\"Charlie\", \"Gao\", role = \"ctb\"), person(c(\"Gregory\", \"R.\"), \"Warnes\", role = \"ctb\"), person(c(\"Zhian\", \"N.\"), \"Kamvar\", role = \"ctb\") )",
      "Description": "Implements the 'libyaml' 'YAML' 1.1 parser and emitter (<https://pyyaml.org/wiki/LibYAML>) for R.",
      "License": "BSD_3_clause + file LICENSE",
      "URL": "https://yaml.r-lib.org, https://github.com/r-lib/yaml/",
      "BugReports": "https://github.com/r-lib/yaml/issues",
      "Suggests": [
        "knitr",
        "rmarkdown",
        "testthat (>= 3.0.0)"
      ],
      "Config/testthat/edition": "3",
      "Config/Needs/website": "tidyverse/tidytemplate",
      "Encoding": "UTF-8",
      "RoxygenNote": "7.3.3",
      "VignetteBuilder": "knitr",
      "NeedsCompilation": "yes",
      "Author": "Hadley Wickham [cre] (ORCID: <https://orcid.org/0000-0003-4757-117X>), Shawn Garbett [ctb] (ORCID: <https://orcid.org/0000-0003-4079-5621>), Jeremy Stephens [aut, ctb], Kirill Simonov [aut], Yihui Xie [ctb] (ORCID: <https://orcid.org/0000-0003-0645-5666>), Zhuoer Dong [ctb], Jeffrey Horner [ctb], reikoch [ctb], Will Beasley [ctb] (ORCID: <https://orcid.org/0000-0002-5613-5006>), Brendan O'Connor [ctb], Michael Quinn [ctb], Charlie Gao [ctb], Gregory R. Warnes [ctb], Zhian N. Kamvar [ctb]",
      "Maintainer": "Hadley Wickham <hadley@posit.co>",
      "Repository": "CRAN"
    }
  }
}
